
Microsoft Visual Studio Solution File, Format Version 12.00
# Visual Studio Version 17
VisualStudioVersion = 17.11.35327.3
MinimumVisualStudioVersion = 10.0.40219.1
Project("{FAE04EC0-301F-11D3-BF4B-00C04F79EFBC}") = "WebApplication7", "WebApplication7\WebApplication7.csproj", "{660F7AF1-0B96-49BA-8D69-4D05031FECF0}"
EndProject
Global
	GlobalSection(SolutionConfigurationPlatforms) = preSolution
		Debug|Any CPU = Debug|Any CPU
		Release|Any CPU = Release|Any CPU
	EndGlobalSection
	GlobalSection(ProjectConfigurationPlatforms) = postSolution
		{660F7AF1-0B96-49BA-8D69-4D05031FECF0}.Debug|Any CPU.ActiveCfg = Debug|Any CPU
		{660F7AF1-0B96-49BA-8D69-4D05031FECF0}.Debug|Any CPU.Build.0 = Debug|Any CPU
		{660F7AF1-0B96-49BA-8D69-4D05031FECF0}.Release|Any CPU.ActiveCfg = Release|Any CPU
		{660F7AF1-0B96-49BA-8D69-4D05031FECF0}.Release|Any CPU.Build.0 = Release|Any CPU
	EndGlobalSection
	GlobalSection(SolutionProperties) = preSolution
		HideSolutionNode = FALSE
	EndGlobalSection
	GlobalSection(ExtensibilityGlobals) = postSolution
		SolutionGuid = {C049ABFA-B4C3-45B7-86E4-E52A7F982B14}
	EndGlobalSection
EndGlobal
